
Microsoft Visual Studio Solution File, Format Version 12.00
# Visual Studio Version 16
VisualStudioVersion = 16.0.29905.134
MinimumVisualStudioVersion = 10.0.40219.1
Project("{8BC9CEB8-8B4A-11D0-8D11-00A0C91BC942}") = "$FrankCPP", "$FrankCPP.vcxproj", "{625C21F6-2D42-4EAF-8B7B-A88EC2655C75}"
EndProject
Project("{8BC9CEB8-8B4A-11D0-8D11-00A0C91BC942}") = "FirstProgram", "..\Section04\FirstProgram\FirstProgram.vcxproj", "{0F44CEA1-487F-4DCA-A621-642B5E1966B0}"
EndProject
Project("{8BC9CEB8-8B4A-11D0-8D11-00A0C91BC942}") = "HelloWorld", "..\Section04\HelloWorld\HelloWorld.vcxproj", "{97BB5ABA-C4A1-46D1-A038-45D511035ECF}"
EndProject
Project("{8BC9CEB8-8B4A-11D0-8D11-00A0C91BC942}") = "LinkerError", "..\Section04\LinkerError\LinkerError.vcxproj", "{7AC2FD39-0218-43A6-B82B-55D7C8DB149B}"
EndProject
Project("{8BC9CEB8-8B4A-11D0-8D11-00A0C91BC942}") = "Project1", "..\Section04\Project1\Project1.vcxproj", "{99F70CE5-71FA-4889-BE10-992D9C1DD6D5}"
EndProject
Project("{8BC9CEB8-8B4A-11D0-8D11-00A0C91BC942}") = "Project2", "..\Section04\Project2\Project2.vcxproj", "{5F383A81-B7F4-4231-B2B0-3C1ADD594131}"
EndProject
Project("{8BC9CEB8-8B4A-11D0-8D11-00A0C91BC942}") = "RuntimeError", "..\Section04\RuntimeError\RuntimeError.vcxproj", "{592C053C-E187-441E-8C87-E283EBC1A599}"
EndProject
Project("{8BC9CEB8-8B4A-11D0-8D11-00A0C91BC942}") = "BasicIO", "..\Section05\BasicIO\BasicIO.vcxproj", "{025E28A2-C31A-428E-B76D-2B088359E585}"
EndProject
Project("{8BC9CEB8-8B4A-11D0-8D11-00A0C91BC942}") = "Comments", "..\Section05\Comments\Comments.vcxproj", "{A948064F-9011-4AB8-ACA8-DBDA441C1A76}"
EndProject
Project("{8BC9CEB8-8B4A-11D0-8D11-00A0C91BC942}") = "ModifiedProgram", "..\Section05\ModifiedProgram\ModifiedProgram.vcxproj", "{0EDBCEBE-DFC6-403F-BFA8-54C65396A4D5}"
EndProject
Project("{8BC9CEB8-8B4A-11D0-8D11-00A0C91BC942}") = "Constants", "..\Section06\Constants\Constants.vcxproj", "{17EB667E-96DB-4873-A94F-4482CF104A82}"
EndProject
Project("{8BC9CEB8-8B4A-11D0-8D11-00A0C91BC942}") = "GlobalVariables", "..\Section06\GlobalVariables\GlobalVariables.vcxproj", "{43203E14-1EAB-433A-92C2-BE049655DA06}"
EndProject
Project("{8BC9CEB8-8B4A-11D0-8D11-00A0C91BC942}") = "InitializingVariables", "..\Section06\InitializingVariables\InitializingVariables.vcxproj", "{E4690C0B-6302-4FA7-8704-ADAF3ADD6816}"
EndProject
Project("{8BC9CEB8-8B4A-11D0-8D11-00A0C91BC942}") = "PrimitiveTypes", "..\Section06\PrimitiveTypes\PrimitiveTypes.vcxproj", "{CB59956F-27D8-4B5B-8513-ADC9DCE36133}"
EndProject
Project("{8BC9CEB8-8B4A-11D0-8D11-00A0C91BC942}") = "SizeofOperator", "..\Section06\SizeofOperator\SizeofOperator.vcxproj", "{A43094EF-5BAB-4385-AF6F-750680F69E02}"
EndProject
Project("{8BC9CEB8-8B4A-11D0-8D11-00A0C91BC942}") = "Arrays", "..\Section07\Arrays\Arrays.vcxproj", "{13F50271-0F1C-44DD-B25B-E26189E92A02}"
EndProject
Project("{8BC9CEB8-8B4A-11D0-8D11-00A0C91BC942}") = "Vectors", "..\Section07\Vectors\Vectors.vcxproj", "{7A1D43D3-B3CF-4E77-9A75-5BE4DCE3C145}"
EndProject
Project("{8BC9CEB8-8B4A-11D0-8D11-00A0C91BC942}") = "06Challenge", "06Challenge\06Challenge.vcxproj", "{0F1F5F4A-3B43-48FD-819E-225AA56A88E0}"
EndProject
Project("{8BC9CEB8-8B4A-11D0-8D11-00A0C91BC942}") = "06ChallengeSolution", "06ChallengeSolution\06ChallengeSolution.vcxproj", "{ECBFB879-EBE0-4B64-A7E2-89F373274736}"
EndProject
Project("{8BC9CEB8-8B4A-11D0-8D11-00A0C91BC942}") = "07Challenge", "07Challenge\07Challenge.vcxproj", "{2160FCB6-1301-4E07-AF45-FC81FB2CEF44}"
EndProject
Project("{8BC9CEB8-8B4A-11D0-8D11-00A0C91BC942}") = "07ChallengeSolution", "07ChallengeSolution\07ChallengeSolution.vcxproj", "{495C8082-E2A8-4518-9803-7F341EE25312}"
EndProject
Project("{8BC9CEB8-8B4A-11D0-8D11-00A0C91BC942}") = "08Challenge", "08Challenge\08Challenge.vcxproj", "{EB17C106-4240-49E9-BD34-7AA8FEF3A46A}"
EndProject
Project("{8BC9CEB8-8B4A-11D0-8D11-00A0C91BC942}") = "08ChallengeSolution", "08ChallengeSolution\08ChallengeSolution.vcxproj", "{B84C9D82-5559-40BC-83CD-FCE1D0DCCFBA}"
EndProject
Project("{8BC9CEB8-8B4A-11D0-8D11-00A0C91BC942}") = "ArithmeticOperators", "..\Section08\ArithmeticOperators\ArithmeticOperators.vcxproj", "{7AB4095D-070D-4B1C-A22C-3AA07D60953D}"
EndProject
Project("{8BC9CEB8-8B4A-11D0-8D11-00A0C91BC942}") = "AssignmentOperator", "..\Section08\AssignmentOperator\AssignmentOperator.vcxproj", "{ED1F857C-A5C3-48DD-8D6C-C86174752DC3}"
EndProject
Project("{8BC9CEB8-8B4A-11D0-8D11-00A0C91BC942}") = "Can-You-Work", "..\Section08\Can-You-Work\Can-You-Work.vcxproj", "{2FD55297-B856-4EB4-98D6-2C489494BBF7}"
EndProject
Project("{8BC9CEB8-8B4A-11D0-8D11-00A0C91BC942}") = "EqualityOperators", "..\Section08\EqualityOperators\EqualityOperators.vcxproj", "{DD053283-DD3F-427C-B5F2-0F863D172AB5}"
EndProject
Project("{8BC9CEB8-8B4A-11D0-8D11-00A0C91BC942}") = "Euros", "..\Section08\Euros\Euros.vcxproj", "{C0F7504D-01C4-42B5-BD8A-53AB66189F4D}"
EndProject
Project("{8BC9CEB8-8B4A-11D0-8D11-00A0C91BC942}") = "Explicit-Type-Casting", "..\Section08\Explicit-Type-Casting\Explicit-Type-Casting.vcxproj", "{8855D4EF-428D-4670-A87B-E9EE9295370F}"
EndProject
Project("{8BC9CEB8-8B4A-11D0-8D11-00A0C91BC942}") = "IncrementDecrementOperators", "..\Section08\IncrementDecrementOperators\IncrementDecrementOperators.vcxproj", "{457B123B-7E73-4ABD-BBBD-7A8DB1445E9D}"
EndProject
Project("{8BC9CEB8-8B4A-11D0-8D11-00A0C91BC942}") = "Lb-2-kg", "..\Section08\Lb-2-kg\Lb-2-kg.vcxproj", "{BC5714A2-80E9-46AD-B2FF-7AF42E585A03}"
EndProject
Project("{8BC9CEB8-8B4A-11D0-8D11-00A0C91BC942}") = "LogicalOperators", "..\Section08\LogicalOperators\LogicalOperators.vcxproj", "{8C375B7F-123B-41C3-8AB9-5A8E346BB847}"
EndProject
Project("{8BC9CEB8-8B4A-11D0-8D11-00A0C91BC942}") = "MixedExpressions", "..\Section08\MixedExpressions\MixedExpressions.vcxproj", "{97D84D0E-46EE-4FB5-9ADF-A00468DEB2E1}"
EndProject
Project("{8BC9CEB8-8B4A-11D0-8D11-00A0C91BC942}") = "RelationalOperators", "..\Section08\RelationalOperators\RelationalOperators.vcxproj", "{F5CBCCAD-272D-4651-B0BA-8A33B77F4B07}"
EndProject
Project("{2150E333-8FDC-42A3-9474-1A3956D46DE8}") = "myCode", "myCode", "{B463220A-625F-4411-B48E-A62D65FC9617}"
EndProject
Project("{2150E333-8FDC-42A3-9474-1A3956D46DE8}") = "Challenge-Solution", "Challenge-Solution", "{7015641B-92F4-4CFB-8C30-4CEBE6BCC5D5}"
EndProject
Global
	GlobalSection(SolutionConfigurationPlatforms) = preSolution
		Debug|x64 = Debug|x64
		Debug|x86 = Debug|x86
		Release|x64 = Release|x64
		Release|x86 = Release|x86
	EndGlobalSection
	GlobalSection(ProjectConfigurationPlatforms) = postSolution
		{625C21F6-2D42-4EAF-8B7B-A88EC2655C75}.Debug|x64.ActiveCfg = Debug|x64
		{625C21F6-2D42-4EAF-8B7B-A88EC2655C75}.Debug|x64.Build.0 = Debug|x64
		{625C21F6-2D42-4EAF-8B7B-A88EC2655C75}.Debug|x86.ActiveCfg = Debug|Win32
		{625C21F6-2D42-4EAF-8B7B-A88EC2655C75}.Debug|x86.Build.0 = Debug|Win32
		{625C21F6-2D42-4EAF-8B7B-A88EC2655C75}.Release|x64.ActiveCfg = Release|x64
		{625C21F6-2D42-4EAF-8B7B-A88EC2655C75}.Release|x64.Build.0 = Release|x64
		{625C21F6-2D42-4EAF-8B7B-A88EC2655C75}.Release|x86.ActiveCfg = Release|Win32
		{625C21F6-2D42-4EAF-8B7B-A88EC2655C75}.Release|x86.Build.0 = Release|Win32
		{0F44CEA1-487F-4DCA-A621-642B5E1966B0}.Debug|x64.ActiveCfg = Debug|x64
		{0F44CEA1-487F-4DCA-A621-642B5E1966B0}.Debug|x64.Build.0 = Debug|x64
		{0F44CEA1-487F-4DCA-A621-642B5E1966B0}.Debug|x86.ActiveCfg = Debug|Win32
		{0F44CEA1-487F-4DCA-A621-642B5E1966B0}.Debug|x86.Build.0 = Debug|Win32
		{0F44CEA1-487F-4DCA-A621-642B5E1966B0}.Release|x64.ActiveCfg = Release|x64
		{0F44CEA1-487F-4DCA-A621-642B5E1966B0}.Release|x64.Build.0 = Release|x64
		{0F44CEA1-487F-4DCA-A621-642B5E1966B0}.Release|x86.ActiveCfg = Release|Win32
		{0F44CEA1-487F-4DCA-A621-642B5E1966B0}.Release|x86.Build.0 = Release|Win32
		{97BB5ABA-C4A1-46D1-A038-45D511035ECF}.Debug|x64.ActiveCfg = Debug|x64
		{97BB5ABA-C4A1-46D1-A038-45D511035ECF}.Debug|x64.Build.0 = Debug|x64
		{97BB5ABA-C4A1-46D1-A038-45D511035ECF}.Debug|x86.ActiveCfg = Debug|Win32
		{97BB5ABA-C4A1-46D1-A038-45D511035ECF}.Debug|x86.Build.0 = Debug|Win32
		{97BB5ABA-C4A1-46D1-A038-45D511035ECF}.Release|x64.ActiveCfg = Release|x64
		{97BB5ABA-C4A1-46D1-A038-45D511035ECF}.Release|x64.Build.0 = Release|x64
		{97BB5ABA-C4A1-46D1-A038-45D511035ECF}.Release|x86.ActiveCfg = Release|Win32
		{97BB5ABA-C4A1-46D1-A038-45D511035ECF}.Release|x86.Build.0 = Release|Win32
		{7AC2FD39-0218-43A6-B82B-55D7C8DB149B}.Debug|x64.ActiveCfg = Debug|x64
		{7AC2FD39-0218-43A6-B82B-55D7C8DB149B}.Debug|x64.Build.0 = Debug|x64
		{7AC2FD39-0218-43A6-B82B-55D7C8DB149B}.Debug|x86.ActiveCfg = Debug|Win32
		{7AC2FD39-0218-43A6-B82B-55D7C8DB149B}.Debug|x86.Build.0 = Debug|Win32
		{7AC2FD39-0218-43A6-B82B-55D7C8DB149B}.Release|x64.ActiveCfg = Release|x64
		{7AC2FD39-0218-43A6-B82B-55D7C8DB149B}.Release|x64.Build.0 = Release|x64
		{7AC2FD39-0218-43A6-B82B-55D7C8DB149B}.Release|x86.ActiveCfg = Release|Win32
		{7AC2FD39-0218-43A6-B82B-55D7C8DB149B}.Release|x86.Build.0 = Release|Win32
		{99F70CE5-71FA-4889-BE10-992D9C1DD6D5}.Debug|x64.ActiveCfg = Debug|x64
		{99F70CE5-71FA-4889-BE10-992D9C1DD6D5}.Debug|x64.Build.0 = Debug|x64
		{99F70CE5-71FA-4889-BE10-992D9C1DD6D5}.Debug|x86.ActiveCfg = Debug|Win32
		{99F70CE5-71FA-4889-BE10-992D9C1DD6D5}.Debug|x86.Build.0 = Debug|Win32
		{99F70CE5-71FA-4889-BE10-992D9C1DD6D5}.Release|x64.ActiveCfg = Release|x64
		{99F70CE5-71FA-4889-BE10-992D9C1DD6D5}.Release|x64.Build.0 = Release|x64
		{99F70CE5-71FA-4889-BE10-992D9C1DD6D5}.Release|x86.ActiveCfg = Release|Win32
		{99F70CE5-71FA-4889-BE10-992D9C1DD6D5}.Release|x86.Build.0 = Release|Win32
		{5F383A81-B7F4-4231-B2B0-3C1ADD594131}.Debug|x64.ActiveCfg = Debug|x64
		{5F383A81-B7F4-4231-B2B0-3C1ADD594131}.Debug|x64.Build.0 = Debug|x64
		{5F383A81-B7F4-4231-B2B0-3C1ADD594131}.Debug|x86.ActiveCfg = Debug|Win32
		{5F383A81-B7F4-4231-B2B0-3C1ADD594131}.Debug|x86.Build.0 = Debug|Win32
		{5F383A81-B7F4-4231-B2B0-3C1ADD594131}.Release|x64.ActiveCfg = Release|x64
		{5F383A81-B7F4-4231-B2B0-3C1ADD594131}.Release|x64.Build.0 = Release|x64
		{5F383A81-B7F4-4231-B2B0-3C1ADD594131}.Release|x86.ActiveCfg = Release|Win32
		{5F383A81-B7F4-4231-B2B0-3C1ADD594131}.Release|x86.Build.0 = Release|Win32
		{592C053C-E187-441E-8C87-E283EBC1A599}.Debug|x64.ActiveCfg = Debug|x64
		{592C053C-E187-441E-8C87-E283EBC1A599}.Debug|x64.Build.0 = Debug|x64
		{592C053C-E187-441E-8C87-E283EBC1A599}.Debug|x86.ActiveCfg = Debug|Win32
		{592C053C-E187-441E-8C87-E283EBC1A599}.Debug|x86.Build.0 = Debug|Win32
		{592C053C-E187-441E-8C87-E283EBC1A599}.Release|x64.ActiveCfg = Release|x64
		{592C053C-E187-441E-8C87-E283EBC1A599}.Release|x64.Build.0 = Release|x64
		{592C053C-E187-441E-8C87-E283EBC1A599}.Release|x86.ActiveCfg = Release|Win32
		{592C053C-E187-441E-8C87-E283EBC1A599}.Release|x86.Build.0 = Release|Win32
		{025E28A2-C31A-428E-B76D-2B088359E585}.Debug|x64.ActiveCfg = Debug|x64
		{025E28A2-C31A-428E-B76D-2B088359E585}.Debug|x64.Build.0 = Debug|x64
		{025E28A2-C31A-428E-B76D-2B088359E585}.Debug|x86.ActiveCfg = Debug|Win32
		{025E28A2-C31A-428E-B76D-2B088359E585}.Debug|x86.Build.0 = Debug|Win32
		{025E28A2-C31A-428E-B76D-2B088359E585}.Release|x64.ActiveCfg = Release|x64
		{025E28A2-C31A-428E-B76D-2B088359E585}.Release|x64.Build.0 = Release|x64
		{025E28A2-C31A-428E-B76D-2B088359E585}.Release|x86.ActiveCfg = Release|Win32
		{025E28A2-C31A-428E-B76D-2B088359E585}.Release|x86.Build.0 = Release|Win32
		{A948064F-9011-4AB8-ACA8-DBDA441C1A76}.Debug|x64.ActiveCfg = Debug|x64
		{A948064F-9011-4AB8-ACA8-DBDA441C1A76}.Debug|x64.Build.0 = Debug|x64
		{A948064F-9011-4AB8-ACA8-DBDA441C1A76}.Debug|x86.ActiveCfg = Debug|Win32
		{A948064F-9011-4AB8-ACA8-DBDA441C1A76}.Debug|x86.Build.0 = Debug|Win32
		{A948064F-9011-4AB8-ACA8-DBDA441C1A76}.Release|x64.ActiveCfg = Release|x64
		{A948064F-9011-4AB8-ACA8-DBDA441C1A76}.Release|x64.Build.0 = Release|x64
		{A948064F-9011-4AB8-ACA8-DBDA441C1A76}.Release|x86.ActiveCfg = Release|Win32
		{A948064F-9011-4AB8-ACA8-DBDA441C1A76}.Release|x86.Build.0 = Release|Win32
		{0EDBCEBE-DFC6-403F-BFA8-54C65396A4D5}.Debug|x64.ActiveCfg = Debug|x64
		{0EDBCEBE-DFC6-403F-BFA8-54C65396A4D5}.Debug|x64.Build.0 = Debug|x64
		{0EDBCEBE-DFC6-403F-BFA8-54C65396A4D5}.Debug|x86.ActiveCfg = Debug|Win32
		{0EDBCEBE-DFC6-403F-BFA8-54C65396A4D5}.Debug|x86.Build.0 = Debug|Win32
		{0EDBCEBE-DFC6-403F-BFA8-54C65396A4D5}.Release|x64.ActiveCfg = Release|x64
		{0EDBCEBE-DFC6-403F-BFA8-54C65396A4D5}.Release|x64.Build.0 = Release|x64
		{0EDBCEBE-DFC6-403F-BFA8-54C65396A4D5}.Release|x86.ActiveCfg = Release|Win32
		{0EDBCEBE-DFC6-403F-BFA8-54C65396A4D5}.Release|x86.Build.0 = Release|Win32
		{17EB667E-96DB-4873-A94F-4482CF104A82}.Debug|x64.ActiveCfg = Debug|x64
		{17EB667E-96DB-4873-A94F-4482CF104A82}.Debug|x64.Build.0 = Debug|x64
		{17EB667E-96DB-4873-A94F-4482CF104A82}.Debug|x86.ActiveCfg = Debug|Win32
		{17EB667E-96DB-4873-A94F-4482CF104A82}.Debug|x86.Build.0 = Debug|Win32
		{17EB667E-96DB-4873-A94F-4482CF104A82}.Release|x64.ActiveCfg = Release|x64
		{17EB667E-96DB-4873-A94F-4482CF104A82}.Release|x64.Build.0 = Release|x64
		{17EB667E-96DB-4873-A94F-4482CF104A82}.Release|x86.ActiveCfg = Release|Win32
		{17EB667E-96DB-4873-A94F-4482CF104A82}.Release|x86.Build.0 = Release|Win32
		{43203E14-1EAB-433A-92C2-BE049655DA06}.Debug|x64.ActiveCfg = Debug|x64
		{43203E14-1EAB-433A-92C2-BE049655DA06}.Debug|x64.Build.0 = Debug|x64
		{43203E14-1EAB-433A-92C2-BE049655DA06}.Debug|x86.ActiveCfg = Debug|Win32
		{43203E14-1EAB-433A-92C2-BE049655DA06}.Debug|x86.Build.0 = Debug|Win32
		{43203E14-1EAB-433A-92C2-BE049655DA06}.Release|x64.ActiveCfg = Release|x64
		{43203E14-1EAB-433A-92C2-BE049655DA06}.Release|x64.Build.0 = Release|x64
		{43203E14-1EAB-433A-92C2-BE049655DA06}.Release|x86.ActiveCfg = Release|Win32
		{43203E14-1EAB-433A-92C2-BE049655DA06}.Release|x86.Build.0 = Release|Win32
		{E4690C0B-6302-4FA7-8704-ADAF3ADD6816}.Debug|x64.ActiveCfg = Debug|x64
		{E4690C0B-6302-4FA7-8704-ADAF3ADD6816}.Debug|x64.Build.0 = Debug|x64
		{E4690C0B-6302-4FA7-8704-ADAF3ADD6816}.Debug|x86.ActiveCfg = Debug|Win32
		{E4690C0B-6302-4FA7-8704-ADAF3ADD6816}.Debug|x86.Build.0 = Debug|Win32
		{E4690C0B-6302-4FA7-8704-ADAF3ADD6816}.Release|x64.ActiveCfg = Release|x64
		{E4690C0B-6302-4FA7-8704-ADAF3ADD6816}.Release|x64.Build.0 = Release|x64
		{E4690C0B-6302-4FA7-8704-ADAF3ADD6816}.Release|x86.ActiveCfg = Release|Win32
		{E4690C0B-6302-4FA7-8704-ADAF3ADD6816}.Release|x86.Build.0 = Release|Win32
		{CB59956F-27D8-4B5B-8513-ADC9DCE36133}.Debug|x64.ActiveCfg = Debug|x64
		{CB59956F-27D8-4B5B-8513-ADC9DCE36133}.Debug|x64.Build.0 = Debug|x64
		{CB59956F-27D8-4B5B-8513-ADC9DCE36133}.Debug|x86.ActiveCfg = Debug|Win32
		{CB59956F-27D8-4B5B-8513-ADC9DCE36133}.Debug|x86.Build.0 = Debug|Win32
		{CB59956F-27D8-4B5B-8513-ADC9DCE36133}.Release|x64.ActiveCfg = Release|x64
		{CB59956F-27D8-4B5B-8513-ADC9DCE36133}.Release|x64.Build.0 = Release|x64
		{CB59956F-27D8-4B5B-8513-ADC9DCE36133}.Release|x86.ActiveCfg = Release|Win32
		{CB59956F-27D8-4B5B-8513-ADC9DCE36133}.Release|x86.Build.0 = Release|Win32
		{A43094EF-5BAB-4385-AF6F-750680F69E02}.Debug|x64.ActiveCfg = Debug|x64
		{A43094EF-5BAB-4385-AF6F-750680F69E02}.Debug|x64.Build.0 = Debug|x64
		{A43094EF-5BAB-4385-AF6F-750680F69E02}.Debug|x86.ActiveCfg = Debug|Win32
		{A43094EF-5BAB-4385-AF6F-750680F69E02}.Debug|x86.Build.0 = Debug|Win32
		{A43094EF-5BAB-4385-AF6F-750680F69E02}.Release|x64.ActiveCfg = Release|x64
		{A43094EF-5BAB-4385-AF6F-750680F69E02}.Release|x64.Build.0 = Release|x64
		{A43094EF-5BAB-4385-AF6F-750680F69E02}.Release|x86.ActiveCfg = Release|Win32
		{A43094EF-5BAB-4385-AF6F-750680F69E02}.Release|x86.Build.0 = Release|Win32
		{13F50271-0F1C-44DD-B25B-E26189E92A02}.Debug|x64.ActiveCfg = Debug|x64
		{13F50271-0F1C-44DD-B25B-E26189E92A02}.Debug|x64.Build.0 = Debug|x64
		{13F50271-0F1C-44DD-B25B-E26189E92A02}.Debug|x86.ActiveCfg = Debug|Win32
		{13F50271-0F1C-44DD-B25B-E26189E92A02}.Debug|x86.Build.0 = Debug|Win32
		{13F50271-0F1C-44DD-B25B-E26189E92A02}.Release|x64.ActiveCfg = Release|x64
		{13F50271-0F1C-44DD-B25B-E26189E92A02}.Release|x64.Build.0 = Release|x64
		{13F50271-0F1C-44DD-B25B-E26189E92A02}.Release|x86.ActiveCfg = Release|Win32
		{13F50271-0F1C-44DD-B25B-E26189E92A02}.Release|x86.Build.0 = Release|Win32
		{7A1D43D3-B3CF-4E77-9A75-5BE4DCE3C145}.Debug|x64.ActiveCfg = Debug|x64
		{7A1D43D3-B3CF-4E77-9A75-5BE4DCE3C145}.Debug|x64.Build.0 = Debug|x64
		{7A1D43D3-B3CF-4E77-9A75-5BE4DCE3C145}.Debug|x86.ActiveCfg = Debug|Win32
		{7A1D43D3-B3CF-4E77-9A75-5BE4DCE3C145}.Debug|x86.Build.0 = Debug|Win32
		{7A1D43D3-B3CF-4E77-9A75-5BE4DCE3C145}.Release|x64.ActiveCfg = Release|x64
		{7A1D43D3-B3CF-4E77-9A75-5BE4DCE3C145}.Release|x64.Build.0 = Release|x64
		{7A1D43D3-B3CF-4E77-9A75-5BE4DCE3C145}.Release|x86.ActiveCfg = Release|Win32
		{7A1D43D3-B3CF-4E77-9A75-5BE4DCE3C145}.Release|x86.Build.0 = Release|Win32
		{0F1F5F4A-3B43-48FD-819E-225AA56A88E0}.Debug|x64.ActiveCfg = Debug|x64
		{0F1F5F4A-3B43-48FD-819E-225AA56A88E0}.Debug|x64.Build.0 = Debug|x64
		{0F1F5F4A-3B43-48FD-819E-225AA56A88E0}.Debug|x86.ActiveCfg = Debug|Win32
		{0F1F5F4A-3B43-48FD-819E-225AA56A88E0}.Debug|x86.Build.0 = Debug|Win32
		{0F1F5F4A-3B43-48FD-819E-225AA56A88E0}.Release|x64.ActiveCfg = Release|x64
		{0F1F5F4A-3B43-48FD-819E-225AA56A88E0}.Release|x64.Build.0 = Release|x64
		{0F1F5F4A-3B43-48FD-819E-225AA56A88E0}.Release|x86.ActiveCfg = Release|Win32
		{0F1F5F4A-3B43-48FD-819E-225AA56A88E0}.Release|x86.Build.0 = Release|Win32
		{ECBFB879-EBE0-4B64-A7E2-89F373274736}.Debug|x64.ActiveCfg = Debug|x64
		{ECBFB879-EBE0-4B64-A7E2-89F373274736}.Debug|x64.Build.0 = Debug|x64
		{ECBFB879-EBE0-4B64-A7E2-89F373274736}.Debug|x86.ActiveCfg = Debug|Win32
		{ECBFB879-EBE0-4B64-A7E2-89F373274736}.Debug|x86.Build.0 = Debug|Win32
		{ECBFB879-EBE0-4B64-A7E2-89F373274736}.Release|x64.ActiveCfg = Release|x64
		{ECBFB879-EBE0-4B64-A7E2-89F373274736}.Release|x64.Build.0 = Release|x64
		{ECBFB879-EBE0-4B64-A7E2-89F373274736}.Release|x86.ActiveCfg = Release|Win32
		{ECBFB879-EBE0-4B64-A7E2-89F373274736}.Release|x86.Build.0 = Release|Win32
		{2160FCB6-1301-4E07-AF45-FC81FB2CEF44}.Debug|x64.ActiveCfg = Debug|x64
		{2160FCB6-1301-4E07-AF45-FC81FB2CEF44}.Debug|x64.Build.0 = Debug|x64
		{2160FCB6-1301-4E07-AF45-FC81FB2CEF44}.Debug|x86.ActiveCfg = Debug|Win32
		{2160FCB6-1301-4E07-AF45-FC81FB2CEF44}.Debug|x86.Build.0 = Debug|Win32
		{2160FCB6-1301-4E07-AF45-FC81FB2CEF44}.Release|x64.ActiveCfg = Release|x64
		{2160FCB6-1301-4E07-AF45-FC81FB2CEF44}.Release|x64.Build.0 = Release|x64
		{2160FCB6-1301-4E07-AF45-FC81FB2CEF44}.Release|x86.ActiveCfg = Release|Win32
		{2160FCB6-1301-4E07-AF45-FC81FB2CEF44}.Release|x86.Build.0 = Release|Win32
		{495C8082-E2A8-4518-9803-7F341EE25312}.Debug|x64.ActiveCfg = Debug|x64
		{495C8082-E2A8-4518-9803-7F341EE25312}.Debug|x64.Build.0 = Debug|x64
		{495C8082-E2A8-4518-9803-7F341EE25312}.Debug|x86.ActiveCfg = Debug|Win32
		{495C8082-E2A8-4518-9803-7F341EE25312}.Debug|x86.Build.0 = Debug|Win32
		{495C8082-E2A8-4518-9803-7F341EE25312}.Release|x64.ActiveCfg = Release|x64
		{495C8082-E2A8-4518-9803-7F341EE25312}.Release|x64.Build.0 = Release|x64
		{495C8082-E2A8-4518-9803-7F341EE25312}.Release|x86.ActiveCfg = Release|Win32
		{495C8082-E2A8-4518-9803-7F341EE25312}.Release|x86.Build.0 = Release|Win32
		{EB17C106-4240-49E9-BD34-7AA8FEF3A46A}.Debug|x64.ActiveCfg = Debug|x64
		{EB17C106-4240-49E9-BD34-7AA8FEF3A46A}.Debug|x64.Build.0 = Debug|x64
		{EB17C106-4240-49E9-BD34-7AA8FEF3A46A}.Debug|x86.ActiveCfg = Debug|Win32
		{EB17C106-4240-49E9-BD34-7AA8FEF3A46A}.Debug|x86.Build.0 = Debug|Win32
		{EB17C106-4240-49E9-BD34-7AA8FEF3A46A}.Release|x64.ActiveCfg = Release|x64
		{EB17C106-4240-49E9-BD34-7AA8FEF3A46A}.Release|x64.Build.0 = Release|x64
		{EB17C106-4240-49E9-BD34-7AA8FEF3A46A}.Release|x86.ActiveCfg = Release|Win32
		{EB17C106-4240-49E9-BD34-7AA8FEF3A46A}.Release|x86.Build.0 = Release|Win32
		{B84C9D82-5559-40BC-83CD-FCE1D0DCCFBA}.Debug|x64.ActiveCfg = Debug|x64
		{B84C9D82-5559-40BC-83CD-FCE1D0DCCFBA}.Debug|x64.Build.0 = Debug|x64
		{B84C9D82-5559-40BC-83CD-FCE1D0DCCFBA}.Debug|x86.ActiveCfg = Debug|Win32
		{B84C9D82-5559-40BC-83CD-FCE1D0DCCFBA}.Debug|x86.Build.0 = Debug|Win32
		{B84C9D82-5559-40BC-83CD-FCE1D0DCCFBA}.Release|x64.ActiveCfg = Release|x64
		{B84C9D82-5559-40BC-83CD-FCE1D0DCCFBA}.Release|x64.Build.0 = Release|x64
		{B84C9D82-5559-40BC-83CD-FCE1D0DCCFBA}.Release|x86.ActiveCfg = Release|Win32
		{B84C9D82-5559-40BC-83CD-FCE1D0DCCFBA}.Release|x86.Build.0 = Release|Win32
		{7AB4095D-070D-4B1C-A22C-3AA07D60953D}.Debug|x64.ActiveCfg = Debug|x64
		{7AB4095D-070D-4B1C-A22C-3AA07D60953D}.Debug|x64.Build.0 = Debug|x64
		{7AB4095D-070D-4B1C-A22C-3AA07D60953D}.Debug|x86.ActiveCfg = Debug|Win32
		{7AB4095D-070D-4B1C-A22C-3AA07D60953D}.Debug|x86.Build.0 = Debug|Win32
		{7AB4095D-070D-4B1C-A22C-3AA07D60953D}.Release|x64.ActiveCfg = Release|x64
		{7AB4095D-070D-4B1C-A22C-3AA07D60953D}.Release|x64.Build.0 = Release|x64
		{7AB4095D-070D-4B1C-A22C-3AA07D60953D}.Release|x86.ActiveCfg = Release|Win32
		{7AB4095D-070D-4B1C-A22C-3AA07D60953D}.Release|x86.Build.0 = Release|Win32
		{ED1F857C-A5C3-48DD-8D6C-C86174752DC3}.Debug|x64.ActiveCfg = Debug|x64
		{ED1F857C-A5C3-48DD-8D6C-C86174752DC3}.Debug|x64.Build.0 = Debug|x64
		{ED1F857C-A5C3-48DD-8D6C-C86174752DC3}.Debug|x86.ActiveCfg = Debug|Win32
		{ED1F857C-A5C3-48DD-8D6C-C86174752DC3}.Debug|x86.Build.0 = Debug|Win32
		{ED1F857C-A5C3-48DD-8D6C-C86174752DC3}.Release|x64.ActiveCfg = Release|x64
		{ED1F857C-A5C3-48DD-8D6C-C86174752DC3}.Release|x64.Build.0 = Release|x64
		{ED1F857C-A5C3-48DD-8D6C-C86174752DC3}.Release|x86.ActiveCfg = Release|Win32
		{ED1F857C-A5C3-48DD-8D6C-C86174752DC3}.Release|x86.Build.0 = Release|Win32
		{2FD55297-B856-4EB4-98D6-2C489494BBF7}.Debug|x64.ActiveCfg = Debug|x64
		{2FD55297-B856-4EB4-98D6-2C489494BBF7}.Debug|x64.Build.0 = Debug|x64
		{2FD55297-B856-4EB4-98D6-2C489494BBF7}.Debug|x86.ActiveCfg = Debug|Win32
		{2FD55297-B856-4EB4-98D6-2C489494BBF7}.Debug|x86.Build.0 = Debug|Win32
		{2FD55297-B856-4EB4-98D6-2C489494BBF7}.Release|x64.ActiveCfg = Release|x64
		{2FD55297-B856-4EB4-98D6-2C489494BBF7}.Release|x64.Build.0 = Release|x64
		{2FD55297-B856-4EB4-98D6-2C489494BBF7}.Release|x86.ActiveCfg = Release|Win32
		{2FD55297-B856-4EB4-98D6-2C489494BBF7}.Release|x86.Build.0 = Release|Win32
		{DD053283-DD3F-427C-B5F2-0F863D172AB5}.Debug|x64.ActiveCfg = Debug|x64
		{DD053283-DD3F-427C-B5F2-0F863D172AB5}.Debug|x64.Build.0 = Debug|x64
		{DD053283-DD3F-427C-B5F2-0F863D172AB5}.Debug|x86.ActiveCfg = Debug|Win32
		{DD053283-DD3F-427C-B5F2-0F863D172AB5}.Debug|x86.Build.0 = Debug|Win32
		{DD053283-DD3F-427C-B5F2-0F863D172AB5}.Release|x64.ActiveCfg = Release|x64
		{DD053283-DD3F-427C-B5F2-0F863D172AB5}.Release|x64.Build.0 = Release|x64
		{DD053283-DD3F-427C-B5F2-0F863D172AB5}.Release|x86.ActiveCfg = Release|Win32
		{DD053283-DD3F-427C-B5F2-0F863D172AB5}.Release|x86.Build.0 = Release|Win32
		{C0F7504D-01C4-42B5-BD8A-53AB66189F4D}.Debug|x64.ActiveCfg = Debug|x64
		{C0F7504D-01C4-42B5-BD8A-53AB66189F4D}.Debug|x64.Build.0 = Debug|x64
		{C0F7504D-01C4-42B5-BD8A-53AB66189F4D}.Debug|x86.ActiveCfg = Debug|Win32
		{C0F7504D-01C4-42B5-BD8A-53AB66189F4D}.Debug|x86.Build.0 = Debug|Win32
		{C0F7504D-01C4-42B5-BD8A-53AB66189F4D}.Release|x64.ActiveCfg = Release|x64
		{C0F7504D-01C4-42B5-BD8A-53AB66189F4D}.Release|x64.Build.0 = Release|x64
		{C0F7504D-01C4-42B5-BD8A-53AB66189F4D}.Release|x86.ActiveCfg = Release|Win32
		{C0F7504D-01C4-42B5-BD8A-53AB66189F4D}.Release|x86.Build.0 = Release|Win32
		{8855D4EF-428D-4670-A87B-E9EE9295370F}.Debug|x64.ActiveCfg = Debug|x64
		{8855D4EF-428D-4670-A87B-E9EE9295370F}.Debug|x64.Build.0 = Debug|x64
		{8855D4EF-428D-4670-A87B-E9EE9295370F}.Debug|x86.ActiveCfg = Debug|Win32
		{8855D4EF-428D-4670-A87B-E9EE9295370F}.Debug|x86.Build.0 = Debug|Win32
		{8855D4EF-428D-4670-A87B-E9EE9295370F}.Release|x64.ActiveCfg = Release|x64
		{8855D4EF-428D-4670-A87B-E9EE9295370F}.Release|x64.Build.0 = Release|x64
		{8855D4EF-428D-4670-A87B-E9EE9295370F}.Release|x86.ActiveCfg = Release|Win32
		{8855D4EF-428D-4670-A87B-E9EE9295370F}.Release|x86.Build.0 = Release|Win32
		{457B123B-7E73-4ABD-BBBD-7A8DB1445E9D}.Debug|x64.ActiveCfg = Debug|x64
		{457B123B-7E73-4ABD-BBBD-7A8DB1445E9D}.Debug|x64.Build.0 = Debug|x64
		{457B123B-7E73-4ABD-BBBD-7A8DB1445E9D}.Debug|x86.ActiveCfg = Debug|Win32
		{457B123B-7E73-4ABD-BBBD-7A8DB1445E9D}.Debug|x86.Build.0 = Debug|Win32
		{457B123B-7E73-4ABD-BBBD-7A8DB1445E9D}.Release|x64.ActiveCfg = Release|x64
		{457B123B-7E73-4ABD-BBBD-7A8DB1445E9D}.Release|x64.Build.0 = Release|x64
		{457B123B-7E73-4ABD-BBBD-7A8DB1445E9D}.Release|x86.ActiveCfg = Release|Win32
		{457B123B-7E73-4ABD-BBBD-7A8DB1445E9D}.Release|x86.Build.0 = Release|Win32
		{BC5714A2-80E9-46AD-B2FF-7AF42E585A03}.Debug|x64.ActiveCfg = Debug|x64
		{BC5714A2-80E9-46AD-B2FF-7AF42E585A03}.Debug|x64.Build.0 = Debug|x64
		{BC5714A2-80E9-46AD-B2FF-7AF42E585A03}.Debug|x86.ActiveCfg = Debug|Win32
		{BC5714A2-80E9-46AD-B2FF-7AF42E585A03}.Debug|x86.Build.0 = Debug|Win32
		{BC5714A2-80E9-46AD-B2FF-7AF42E585A03}.Release|x64.ActiveCfg = Release|x64
		{BC5714A2-80E9-46AD-B2FF-7AF42E585A03}.Release|x64.Build.0 = Release|x64
		{BC5714A2-80E9-46AD-B2FF-7AF42E585A03}.Release|x86.ActiveCfg = Release|Win32
		{BC5714A2-80E9-46AD-B2FF-7AF42E585A03}.Release|x86.Build.0 = Release|Win32
		{8C375B7F-123B-41C3-8AB9-5A8E346BB847}.Debug|x64.ActiveCfg = Debug|x64
		{8C375B7F-123B-41C3-8AB9-5A8E346BB847}.Debug|x64.Build.0 = Debug|x64
		{8C375B7F-123B-41C3-8AB9-5A8E346BB847}.Debug|x86.ActiveCfg = Debug|Win32
		{8C375B7F-123B-41C3-8AB9-5A8E346BB847}.Debug|x86.Build.0 = Debug|Win32
		{8C375B7F-123B-41C3-8AB9-5A8E346BB847}.Release|x64.ActiveCfg = Release|x64
		{8C375B7F-123B-41C3-8AB9-5A8E346BB847}.Release|x64.Build.0 = Release|x64
		{8C375B7F-123B-41C3-8AB9-5A8E346BB847}.Release|x86.ActiveCfg = Release|Win32
		{8C375B7F-123B-41C3-8AB9-5A8E346BB847}.Release|x86.Build.0 = Release|Win32
		{97D84D0E-46EE-4FB5-9ADF-A00468DEB2E1}.Debug|x64.ActiveCfg = Debug|x64
		{97D84D0E-46EE-4FB5-9ADF-A00468DEB2E1}.Debug|x64.Build.0 = Debug|x64
		{97D84D0E-46EE-4FB5-9ADF-A00468DEB2E1}.Debug|x86.ActiveCfg = Debug|Win32
		{97D84D0E-46EE-4FB5-9ADF-A00468DEB2E1}.Debug|x86.Build.0 = Debug|Win32
		{97D84D0E-46EE-4FB5-9ADF-A00468DEB2E1}.Release|x64.ActiveCfg = Release|x64
		{97D84D0E-46EE-4FB5-9ADF-A00468DEB2E1}.Release|x64.Build.0 = Release|x64
		{97D84D0E-46EE-4FB5-9ADF-A00468DEB2E1}.Release|x86.ActiveCfg = Release|Win32
		{97D84D0E-46EE-4FB5-9ADF-A00468DEB2E1}.Release|x86.Build.0 = Release|Win32
		{F5CBCCAD-272D-4651-B0BA-8A33B77F4B07}.Debug|x64.ActiveCfg = Debug|x64
		{F5CBCCAD-272D-4651-B0BA-8A33B77F4B07}.Debug|x64.Build.0 = Debug|x64
		{F5CBCCAD-272D-4651-B0BA-8A33B77F4B07}.Debug|x86.ActiveCfg = Debug|Win32
		{F5CBCCAD-272D-4651-B0BA-8A33B77F4B07}.Debug|x86.Build.0 = Debug|Win32
		{F5CBCCAD-272D-4651-B0BA-8A33B77F4B07}.Release|x64.ActiveCfg = Release|x64
		{F5CBCCAD-272D-4651-B0BA-8A33B77F4B07}.Release|x64.Build.0 = Release|x64
		{F5CBCCAD-272D-4651-B0BA-8A33B77F4B07}.Release|x86.ActiveCfg = Release|Win32
		{F5CBCCAD-272D-4651-B0BA-8A33B77F4B07}.Release|x86.Build.0 = Release|Win32
	EndGlobalSection
	GlobalSection(SolutionProperties) = preSolution
		HideSolutionNode = FALSE
	EndGlobalSection
	GlobalSection(NestedProjects) = preSolution
		{0F1F5F4A-3B43-48FD-819E-225AA56A88E0} = {7015641B-92F4-4CFB-8C30-4CEBE6BCC5D5}
		{ECBFB879-EBE0-4B64-A7E2-89F373274736} = {7015641B-92F4-4CFB-8C30-4CEBE6BCC5D5}
		{2160FCB6-1301-4E07-AF45-FC81FB2CEF44} = {7015641B-92F4-4CFB-8C30-4CEBE6BCC5D5}
		{495C8082-E2A8-4518-9803-7F341EE25312} = {7015641B-92F4-4CFB-8C30-4CEBE6BCC5D5}
		{EB17C106-4240-49E9-BD34-7AA8FEF3A46A} = {7015641B-92F4-4CFB-8C30-4CEBE6BCC5D5}
		{B84C9D82-5559-40BC-83CD-FCE1D0DCCFBA} = {7015641B-92F4-4CFB-8C30-4CEBE6BCC5D5}
		{8855D4EF-428D-4670-A87B-E9EE9295370F} = {B463220A-625F-4411-B48E-A62D65FC9617}
		{BC5714A2-80E9-46AD-B2FF-7AF42E585A03} = {B463220A-625F-4411-B48E-A62D65FC9617}
	EndGlobalSection
	GlobalSection(ExtensibilityGlobals) = postSolution
		SolutionGuid = {BCE2247E-0561-4EEB-93A7-42DADCE84FC8}
	EndGlobalSection
EndGlobal
